
Microsoft Visual Studio Solution File, Format Version 12.00
# Visual Studio 15
VisualStudioVersion = 15.0.27703.2018
MinimumVisualStudioVersion = 10.0.40219.1
Project("{FAE04EC0-301F-11D3-BF4B-00C04F79EFBC}") = "LocationTracking", "LocationTracking\LocationTracking.csproj", "{9ED09927-98B1-4662-8CE6-11900459ABBC}"
EndProject
Global
	GlobalSection(SolutionConfigurationPlatforms) = preSolution
		Debug|Any CPU = Debug|Any CPU
		Release|Any CPU = Release|Any CPU
	EndGlobalSection
	GlobalSection(ProjectConfigurationPlatforms) = postSolution
		{9ED09927-98B1-4662-8CE6-11900459ABBC}.Debug|Any CPU.ActiveCfg = Debug|Any CPU
		{9ED09927-98B1-4662-8CE6-11900459ABBC}.Debug|Any CPU.Build.0 = Debug|Any CPU
		{9ED09927-98B1-4662-8CE6-11900459ABBC}.Release|Any CPU.ActiveCfg = Release|Any CPU
		{9ED09927-98B1-4662-8CE6-11900459ABBC}.Release|Any CPU.Build.0 = Release|Any CPU
	EndGlobalSection
	GlobalSection(SolutionProperties) = preSolution
		HideSolutionNode = FALSE
	EndGlobalSection
	GlobalSection(ExtensibilityGlobals) = postSolution
		SolutionGuid = {9FC05986-DD40-4DE3-BD20-D3581CD9C9CE}
	EndGlobalSection
EndGlobal
